
Microsoft Visual Studio Solution File, Format Version 12.00
# Visual Studio Version 17
VisualStudioVersion = 17.3.32922.545
MinimumVisualStudioVersion = 10.0.40219.1
Project("{8BC9CEB8-8B4A-11D0-8D11-00A0C91BC942}") = "Lab5", "Lab5\Lab5.vcxproj", "{E6987BA8-08D8-4DA9-9D8A-193BA2169FEB}"
EndProject
Global
	GlobalSection(SolutionConfigurationPlatforms) = preSolution
		Debug|x64 = Debug|x64
		Debug|x86 = Debug|x86
		Release|x64 = Release|x64
		Release|x86 = Release|x86
	EndGlobalSection
	GlobalSection(ProjectConfigurationPlatforms) = postSolution
		{E6987BA8-08D8-4DA9-9D8A-193BA2169FEB}.Debug|x64.ActiveCfg = Debug|x64
		{E6987BA8-08D8-4DA9-9D8A-193BA2169FEB}.Debug|x64.Build.0 = Debug|x64
		{E6987BA8-08D8-4DA9-9D8A-193BA2169FEB}.Debug|x86.ActiveCfg = Debug|Win32
		{E6987BA8-08D8-4DA9-9D8A-193BA2169FEB}.Debug|x86.Build.0 = Debug|Win32
		{E6987BA8-08D8-4DA9-9D8A-193BA2169FEB}.Release|x64.ActiveCfg = Release|x64
		{E6987BA8-08D8-4DA9-9D8A-193BA2169FEB}.Release|x64.Build.0 = Release|x64
		{E6987BA8-08D8-4DA9-9D8A-193BA2169FEB}.Release|x86.ActiveCfg = Release|Win32
		{E6987BA8-08D8-4DA9-9D8A-193BA2169FEB}.Release|x86.Build.0 = Release|Win32
	EndGlobalSection
	GlobalSection(SolutionProperties) = preSolution
		HideSolutionNode = FALSE
	EndGlobalSection
	GlobalSection(ExtensibilityGlobals) = postSolution
		SolutionGuid = {B3744CFA-D0EE-4538-8D7C-59207D54A44B}
	EndGlobalSection
EndGlobal
